
Microsoft Visual Studio Solution File, Format Version 12.00
# Visual Studio Version 17
VisualStudioVersion = 17.10.34818.151
MinimumVisualStudioVersion = 10.0.40219.1
Project("{FAE04EC0-301F-11D3-BF4B-00C04F79EFBC}") = "APW.Movies.Shared.Contracts", "MoviesContracts\APW.Movies.Shared.Contracts.csproj", "{A88D5EA2-E794-4658-BD47-A1AC0E826EAF}"
EndProject
Global
	GlobalSection(SolutionConfigurationPlatforms) = preSolution
		Debug|Any CPU = Debug|Any CPU
		Release|Any CPU = Release|Any CPU
	EndGlobalSection
	GlobalSection(ProjectConfigurationPlatforms) = postSolution
		{A88D5EA2-E794-4658-BD47-A1AC0E826EAF}.Debug|Any CPU.ActiveCfg = Debug|Any CPU
		{A88D5EA2-E794-4658-BD47-A1AC0E826EAF}.Debug|Any CPU.Build.0 = Debug|Any CPU
		{A88D5EA2-E794-4658-BD47-A1AC0E826EAF}.Release|Any CPU.ActiveCfg = Release|Any CPU
		{A88D5EA2-E794-4658-BD47-A1AC0E826EAF}.Release|Any CPU.Build.0 = Release|Any CPU
	EndGlobalSection
	GlobalSection(SolutionProperties) = preSolution
		HideSolutionNode = FALSE
	EndGlobalSection
	GlobalSection(ExtensibilityGlobals) = postSolution
		SolutionGuid = {0FD8F762-7EA2-4F6B-A8DE-114F232A220B}
	EndGlobalSection
EndGlobal
